{
    "name": "mkrepo",
    "version": "1.0.0",
    "lockfileVersion": 3,
    "requires": true,
    "packages": {
        "": {
            "name": "mkrepo",
            "version": "1.0.0",
            "dependencies": {
                "zx": "^8.5.4"
            },
            "bin": {
                "mkrepo": "index.mjs"
            }
        },
        "node_modules/zx": {
            "version": "8.5.4",
            "resolved": "https://registry.npmjs.org/zx/-/zx-8.5.4.tgz",
            "integrity": "sha512-44oKea9Sa8ZnOkTnS6fRJpg3quzgnbB43nLrVfYnqE86J4sxgZMUDLezzKET/FdOAVkF4X+Alm9Bume+W+RW9Q==",
            "license": "Apache-2.0",
            "bin": {
                "zx": "build/cli.js"
            },
            "engines": {
                "node": ">= 12.17.0"
            }
        }
    }
}
